// !$*UTF8*$!
{
	archiveVersion = 1;
	classes = {
	};
	objectVersion = 56;
	objects = {

/* Begin PBXBuildFile section */
		EDA5EF532B79567F0040DAE1 /* AppDelegate.swift in Sources */ = {isa = PBXBuildFile; fileRef = EDA5EF522B79567F0040DAE1 /* AppDelegate.swift */; };
		EDA5EF552B79567F0040DAE1 /* SceneDelegate.swift in Sources */ = {isa = PBXBuildFile; fileRef = EDA5EF542B79567F0040DAE1 /* SceneDelegate.swift */; };
		EDA5EF572B79567F0040DAE1 /* ViewController.swift in Sources */ = {isa = PBXBuildFile; fileRef = EDA5EF562B79567F0040DAE1 /* ViewController.swift */; };
		EDA5EF5A2B79567F0040DAE1 /* Main.storyboard in Resources */ = {isa = PBXBuildFile; fileRef = EDA5EF582B79567F0040DAE1 /* Main.storyboard */; };
		EDA5EF5C2B7956800040DAE1 /* Assets.xcassets in Resources */ = {isa = PBXBuildFile; fileRef = EDA5EF5B2B7956800040DAE1 /* Assets.xcassets */; };
		EDA5EF5F2B7956800040DAE1 /* LaunchScreen.storyboard in Resources */ = {isa = PBXBuildFile; fileRef = EDA5EF5D2B7956800040DAE1 /* LaunchScreen.storyboard */; };
		EDA5EF6A2B7956800040DAE1 /* KetflixTests.swift in Sources */ = {isa = PBXBuildFile; fileRef = EDA5EF692B7956800040DAE1 /* KetflixTests.swift */; };
		EDA5EF742B7956800040DAE1 /* KetflixUITests.swift in Sources */ = {isa = PBXBuildFile; fileRef = EDA5EF732B7956800040DAE1 /* KetflixUITests.swift */; };
		EDA5EF762B7956800040DAE1 /* KetflixUITestsLaunchTests.swift in Sources */ = {isa = PBXBuildFile; fileRef = EDA5EF752B7956800040DAE1 /* KetflixUITestsLaunchTests.swift */; };
/* End PBXBuildFile section */

/* Begin PBXContainerItemProxy section */
		EDA5EF662B7956800040DAE1 /* PBXContainerItemProxy */ = {
			isa = PBXContainerItemProxy;
			containerPortal = EDA5EF472B79567F0040DAE1 /* Project object */;
			proxyType = 1;
			remoteGlobalIDString = EDA5EF4E2B79567F0040DAE1;
			remoteInfo = Ketflix;
		};
		EDA5EF702B7956800040DAE1 /* PBXContainerItemProxy */ = {
			isa = PBXContainerItemProxy;
			containerPortal = EDA5EF472B79567F0040DAE1 /* Project object */;
			proxyType = 1;
			remoteGlobalIDString = EDA5EF4E2B79567F0040DAE1;
			remoteInfo = Ketflix;
		};
/* End PBXContainerItemProxy section */

/* Begin PBXFileReference section */
		EDA5EF4F2B79567F0040DAE1 /* Ketflix.app */ = {isa = PBXFileReference; explicitFileType = wrapper.application; includeInIndex = 0; path = Ketflix.app; sourceTree = BUILT_PRODUCTS_DIR; };
		EDA5EF522B79567F0040DAE1 /* AppDelegate.swift */ = {isa = PBXFileReference; lastKnownFileType = sourcecode.swift; path = AppDelegate.swift; sourceTree = "<group>"; };
		EDA5EF542B79567F0040DAE1 /* SceneDelegate.swift */ = {isa = PBXFileReference; lastKnownFileType = sourcecode.swift; path = SceneDelegate.swift; sourceTree = "<group>"; };
		EDA5EF562B79567F0040DAE1 /* ViewController.swift */ = {isa = PBXFileReference; lastKnownFileType = sourcecode.swift; path = ViewController.swift; sourceTree = "<group>"; };
		EDA5EF592B79567F0040DAE1 /* Base */ = {isa = PBXFileReference; lastKnownFileType = file.storyboard; name = Base; path = Base.lproj/Main.storyboard; sourceTree = "<group>"; };
		EDA5EF5B2B7956800040DAE1 /* Assets.xcassets */ = {isa = PBXFileReference; lastKnownFileType = folder.assetcatalog; path = Assets.xcassets; sourceTree = "<group>"; };
		EDA5EF5E2B7956800040DAE1 /* Base */ = {isa = PBXFileReference; lastKnownFileType = file.storyboard; name = Base; path = Base.lproj/LaunchScreen.storyboard; sourceTree = "<group>"; };
		EDA5EF602B7956800040DAE1 /* Info.plist */ = {isa = PBXFileReference; lastKnownFileType = text.plist.xml; path = Info.plist; sourceTree = "<group>"; };
		EDA5EF652B7956800040DAE1 /* KetflixTests.xctest */ = {isa = PBXFileReference; explicitFileType = wrapper.cfbundle; includeInIndex = 0; path = KetflixTests.xctest; sourceTree = BUILT_PRODUCTS_DIR; };
		EDA5EF692B7956800040DAE1 /* KetflixTests.swift */ = {isa = PBXFileReference; lastKnownFileType = sourcecode.swift; path = KetflixTests.swift; sourceTree = "<group>"; };
		EDA5EF6F2B7956800040DAE1 /* KetflixUITests.xctest */ = {isa = PBXFileReference; explicitFileType = wrapper.cfbundle; includeInIndex = 0; path = KetflixUITests.xctest; sourceTree = BUILT_PRODUCTS_DIR; };
		EDA5EF732B7956800040DAE1 /* KetflixUITests.swift */ = {isa = PBXFileReference; lastKnownFileType = sourcecode.swift; path = KetflixUITests.swift; sourceTree = "<group>"; };
		EDA5EF752B7956800040DAE1 /* KetflixUITestsLaunchTests.swift */ = {isa = PBXFileReference; lastKnownFileType = sourcecode.swift; path = KetflixUITestsLaunchTests.swift; sourceTree = "<group>"; };
/* End PBXFileReference section */

/* Begin PBXFrameworksBuildPhase section */
		EDA5EF4C2B79567F0040DAE1 /* Frameworks */ = {
			isa = PBXFrameworksBuildPhase;
			buildActionMask = 2147483647;
			files = (
			);
			runOnlyForDeploymentPostprocessing = 0;
		};
		EDA5EF622B7956800040DAE1 /* Frameworks */ = {
			isa = PBXFrameworksBuildPhase;
			buildActionMask = 2147483647;
			files = (
			);
			runOnlyForDeploymentPostprocessing = 0;
		};
		EDA5EF6C2B7956800040DAE1 /* Frameworks */ = {
			isa = PBXFrameworksBuildPhase;
			buildActionMask = 2147483647;
			files = (
			);
			runOnlyForDeploymentPostprocessing = 0;
		};
/* End PBXFrameworksBuildPhase section */

/* Begin PBXGroup section */
		EDA5EF462B79567F0040DAE1 = {
			isa = PBXGroup;
			children = (
				EDA5EF512B79567F0040DAE1 /* Ketflix */,
				EDA5EF682B7956800040DAE1 /* KetflixTests */,
				EDA5EF722B7956800040DAE1 /* KetflixUITests */,
				EDA5EF502B79567F0040DAE1 /* Products */,
			);
			sourceTree = "<group>";
		};
		EDA5EF502B79567F0040DAE1 /* Products */ = {
			isa = PBXGroup;
			children = (
				EDA5EF4F2B79567F0040DAE1 /* Ketflix.app */,
				EDA5EF652B7956800040DAE1 /* KetflixTests.xctest */,
				EDA5EF6F2B7956800040DAE1 /* KetflixUITests.xctest */,
			);
			name = Products;
			sourceTree = "<group>";
		};
		EDA5EF512B79567F0040DAE1 /* Ketflix */ = {
			isa = PBXGroup;
			children = (
				EDA5EF522B79567F0040DAE1 /* AppDelegate.swift */,
				EDA5EF542B79567F0040DAE1 /* SceneDelegate.swift */,
				EDA5EF562B79567F0040DAE1 /* ViewController.swift */,
				EDA5EF582B79567F0040DAE1 /* Main.storyboard */,
				EDA5EF5B2B7956800040DAE1 /* Assets.xcassets */,
				EDA5EF5D2B7956800040DAE1 /* LaunchScreen.storyboard */,
				EDA5EF602B7956800040DAE1 /* Info.plist */,
			);
			path = Ketflix;
			sourceTree = "<group>";
		};
		EDA5EF682B7956800040DAE1 /* KetflixTests */ = {
			isa = PBXGroup;
			children = (
				EDA5EF692B7956800040DAE1 /* KetflixTests.swift */,
			);
			path = KetflixTests;
			sourceTree = "<group>";
		};
		EDA5EF722B7956800040DAE1 /* KetflixUITests */ = {
			isa = PBXGroup;
			children = (
				EDA5EF732B7956800040DAE1 /* KetflixUITests.swift */,
				EDA5EF752B7956800040DAE1 /* KetflixUITestsLaunchTests.swift */,
			);
			path = KetflixUITests;
			sourceTree = "<group>";
		};
/* End PBXGroup section */

/* Begin PBXNativeTarget section */
		EDA5EF4E2B79567F0040DAE1 /* Ketflix */ = {
			isa = PBXNativeTarget;
			buildConfigurationList = EDA5EF792B7956800040DAE1 /* Build configuration list for PBXNativeTarget "Ketflix" */;
			buildPhases = (
				EDA5EF4B2B79567F0040DAE1 /* Sources */,
				EDA5EF4C2B79567F0040DAE1 /* Frameworks */,
				EDA5EF4D2B79567F0040DAE1 /* Resources */,
			);
			buildRules = (
			);
			dependencies = (
			);
			name = Ketflix;
			productName = Ketflix;
			productReference = EDA5EF4F2B79567F0040DAE1 /* Ketflix.app */;
			productType = "com.apple.product-type.application";
		};
		EDA5EF642B7956800040DAE1 /* KetflixTests */ = {
			isa = PBXNativeTarget;
			buildConfigurationList = EDA5EF7C2B7956800040DAE1 /* Build configuration list for PBXNativeTarget "KetflixTests" */;
			buildPhases = (
				EDA5EF612B7956800040DAE1 /* Sources */,
				EDA5EF622B7956800040DAE1 /* Frameworks */,
				EDA5EF632B7956800040DAE1 /* Resources */,
			);
			buildRules = (
			);
			dependencies = (
				EDA5EF672B7956800040DAE1 /* PBXTargetDependency */,
			);
			name = KetflixTests;
			productName = KetflixTests;
			productReference = EDA5EF652B7956800040DAE1 /* KetflixTests.xctest */;
			productType = "com.apple.product-type.bundle.unit-test";
		};
		EDA5EF6E2B7956800040DAE1 /* KetflixUITests */ = {
			isa = PBXNativeTarget;
			buildConfigurationList = EDA5EF7F2B7956800040DAE1 /* Build configuration list for PBXNativeTarget "KetflixUITests" */;
			buildPhases = (
				EDA5EF6B2B7956800040DAE1 /* Sources */,
				EDA5EF6C2B7956800040DAE1 /* Frameworks */,
				EDA5EF6D2B7956800040DAE1 /* Resources */,
			);
			buildRules = (
			);
			dependencies = (
				EDA5EF712B7956800040DAE1 /* PBXTargetDependency */,
			);
			name = KetflixUITests;
			productName = KetflixUITests;
			productReference = EDA5EF6F2B7956800040DAE1 /* KetflixUITests.xctest */;
			productType = "com.apple.product-type.bundle.ui-testing";
		};
/* End PBXNativeTarget section */

/* Begin PBXProject section */
		EDA5EF472B79567F0040DAE1 /* Project object */ = {
			isa = PBXProject;
			attributes = {
				BuildIndependentTargetsInParallel = 1;
				LastSwiftUpdateCheck = 1500;
				LastUpgradeCheck = 1500;
				TargetAttributes = {
					EDA5EF4E2B79567F0040DAE1 = {
						CreatedOnToolsVersion = 15.0;
					};
					EDA5EF642B7956800040DAE1 = {
						CreatedOnToolsVersion = 15.0;
						TestTargetID = EDA5EF4E2B79567F0040DAE1;
					};
					EDA5EF6E2B7956800040DAE1 = {
						CreatedOnToolsVersion = 15.0;
						TestTargetID = EDA5EF4E2B79567F0040DAE1;
					};
				};
			};
			buildConfigurationList = EDA5EF4A2B79567F0040DAE1 /* Build configuration list for PBXProject "Ketflix" */;
			compatibilityVersion = "Xcode 14.0";
			developmentRegion = en;
			hasScannedForEncodings = 0;
			knownRegions = (
				en,
				Base,
			);
			mainGroup = EDA5EF462B79567F0040DAE1;
			productRefGroup = EDA5EF502B79567F0040DAE1 /* Products */;
			projectDirPath = "";
			projectRoot = "";
			targets = (
				EDA5EF4E2B79567F0040DAE1 /* Ketflix */,
				EDA5EF642B7956800040DAE1 /* KetflixTests */,
				EDA5EF6E2B7956800040DAE1 /* KetflixUITests */,
			);
		};
/* End PBXProject section */

/* Begin PBXResourcesBuildPhase section */
		EDA5EF4D2B79567F0040DAE1 /* Resources */ = {
			isa = PBXResourcesBuildPhase;
			buildActionMask = 2147483647;
			files = (
				EDA5EF5F2B7956800040DAE1 /* LaunchScreen.storyboard in Resources */,
				EDA5EF5C2B7956800040DAE1 /* Assets.xcassets in Resources */,
				EDA5EF5A2B79567F0040DAE1 /* Main.storyboard in Resources */,
			);
			runOnlyForDeploymentPostprocessing = 0;
		};
		EDA5EF632B7956800040DAE1 /* Resources */ = {
			isa = PBXResourcesBuildPhase;
			buildActionMask = 2147483647;
			files = (
			);
			runOnlyForDeploymentPostprocessing = 0;
		};
		EDA5EF6D2B7956800040DAE1 /* Resources */ = {
			isa = PBXResourcesBuildPhase;
			buildActionMask = 2147483647;
			files = (
			);
			runOnlyForDeploymentPostprocessing = 0;
		};
/* End PBXResourcesBuildPhase section */

/* Begin PBXSourcesBuildPhase section */
		EDA5EF4B2B79567F0040DAE1 /* Sources */ = {
			isa = PBXSourcesBuildPhase;
			buildActionMask = 2147483647;
			files = (
				EDA5EF572B79567F0040DAE1 /* ViewController.swift in Sources */,
				EDA5EF532B79567F0040DAE1 /* AppDelegate.swift in Sources */,
				EDA5EF552B79567F0040DAE1 /* SceneDelegate.swift in Sources */,
			);
			runOnlyForDeploymentPostprocessing = 0;
		};
		EDA5EF612B7956800040DAE1 /* Sources */ = {
			isa = PBXSourcesBuildPhase;
			buildActionMask = 2147483647;
			files = (
				EDA5EF6A2B7956800040DAE1 /* KetflixTests.swift in Sources */,
			);
			runOnlyForDeploymentPostprocessing = 0;
		};
		EDA5EF6B2B7956800040DAE1 /* Sources */ = {
			isa = PBXSourcesBuildPhase;
			buildActionMask = 2147483647;
			files = (
				EDA5EF762B7956800040DAE1 /* KetflixUITestsLaunchTests.swift in Sources */,
				EDA5EF742B7956800040DAE1 /* KetflixUITests.swift in Sources */,
			);
			runOnlyForDeploymentPostprocessing = 0;
		};
/* End PBXSourcesBuildPhase section */

/* Begin PBXTargetDependency section */
		EDA5EF672B7956800040DAE1 /* PBXTargetDependency */ = {
			isa = PBXTargetDependency;
			target = EDA5EF4E2B79567F0040DAE1 /* Ketflix */;
			targetProxy = EDA5EF662B7956800040DAE1 /* PBXContainerItemProxy */;
		};
		EDA5EF712B7956800040DAE1 /* PBXTargetDependency */ = {
			isa = PBXTargetDependency;
			target = EDA5EF4E2B79567F0040DAE1 /* Ketflix */;
			targetProxy = EDA5EF702B7956800040DAE1 /* PBXContainerItemProxy */;
		};
/* End PBXTargetDependency section */

/* Begin PBXVariantGroup section */
		EDA5EF582B79567F0040DAE1 /* Main.storyboard */ = {
			isa = PBXVariantGroup;
			children = (
				EDA5EF592B79567F0040DAE1 /* Base */,
			);
			name = Main.storyboard;
			sourceTree = "<group>";
		};
		EDA5EF5D2B7956800040DAE1 /* LaunchScreen.storyboard */ = {
			isa = PBXVariantGroup;
			children = (
				EDA5EF5E2B7956800040DAE1 /* Base */,
			);
			name = LaunchScreen.storyboard;
			sourceTree = "<group>";
		};
/* End PBXVariantGroup section */

/* Begin XCBuildConfiguration section */
		EDA5EF772B7956800040DAE1 /* Debug */ = {
			isa = XCBuildConfiguration;
			buildSettings = {
				ALWAYS_SEARCH_USER_PATHS = NO;
				ASSETCATALOG_COMPILER_GENERATE_SWIFT_ASSET_SYMBOL_EXTENSIONS = YES;
				CLANG_ANALYZER_NONNULL = YES;
				CLANG_ANALYZER_NUMBER_OBJECT_CONVERSION = YES_AGGRESSIVE;
				CLANG_CXX_LANGUAGE_STANDARD = "gnu++20";
				CLANG_ENABLE_MODULES = YES;
				CLANG_ENABLE_OBJC_ARC = YES;
				CLANG_ENABLE_OBJC_WEAK = YES;
				CLANG_WARN_BLOCK_CAPTURE_AUTORELEASING = YES;
				CLANG_WARN_BOOL_CONVERSION = YES;
				CLANG_WARN_COMMA = YES;
				CLANG_WARN_CONSTANT_CONVERSION = YES;
				CLANG_WARN_DEPRECATED_OBJC_IMPLEMENTATIONS = YES;
				CLANG_WARN_DIRECT_OBJC_ISA_USAGE = YES_ERROR;
				CLANG_WARN_DOCUMENTATION_COMMENTS = YES;
				CLANG_WARN_EMPTY_BODY = YES;
				CLANG_WARN_ENUM_CONVERSION = YES;
				CLANG_WARN_INFINITE_RECURSION = YES;
				CLANG_WARN_INT_CONVERSION = YES;
				CLANG_WARN_NON_LITERAL_NULL_CONVERSION = YES;
				CLANG_WARN_OBJC_IMPLICIT_RETAIN_SELF = YES;
				CLANG_WARN_OBJC_LITERAL_CONVERSION = YES;
				CLANG_WARN_OBJC_ROOT_CLASS = YES_ERROR;
				CLANG_WARN_QUOTED_INCLUDE_IN_FRAMEWORK_HEADER = YES;
				CLANG_WARN_RANGE_LOOP_ANALYSIS = YES;
				CLANG_WARN_STRICT_PROTOTYPES = YES;
				CLANG_WARN_SUSPICIOUS_MOVE = YES;
				CLANG_WARN_UNGUARDED_AVAILABILITY = YES_AGGRESSIVE;
				CLANG_WARN_UNREACHABLE_CODE = YES;
				CLANG_WARN__DUPLICATE_METHOD_MATCH = YES;
				COPY_PHASE_STRIP = NO;
				DEBUG_INFORMATION_FORMAT = dwarf;
				ENABLE_STRICT_OBJC_MSGSEND = YES;
				ENABLE_TESTABILITY = YES;
				ENABLE_USER_SCRIPT_SANDBOXING = YES;
				GCC_C_LANGUAGE_STANDARD = gnu17;
				GCC_DYNAMIC_NO_PIC = NO;
				GCC_NO_COMMON_BLOCKS = YES;
				GCC_OPTIMIZATION_LEVEL = 0;
				GCC_PREPROCESSOR_DEFINITIONS = (
					"DEBUG=1",
					"$(inherited)",
				);
				GCC_WARN_64_TO_32_BIT_CONVERSION = YES;
				GCC_WARN_ABOUT_RETURN_TYPE = YES_ERROR;
				GCC_WARN_UNDECLARED_SELECTOR = YES;
				GCC_WARN_UNINITIALIZED_AUTOS = YES_AGGRESSIVE;
				GCC_WARN_UNUSED_FUNCTION = YES;
				GCC_WARN_UNUSED_VARIABLE = YES;
				IPHONEOS_DEPLOYMENT_TARGET = 17.0;
				LOCALIZATION_PREFERS_STRING_CATALOGS = YES;
				MTL_ENABLE_DEBUG_INFO = INCLUDE_SOURCE;
				MTL_FAST_MATH = YES;
				ONLY_ACTIVE_ARCH = YES;
				SDKROOT = iphoneos;
				SWIFT_ACTIVE_COMPILATION_CONDITIONS = "DEBUG $(inherited)";
				SWIFT_OPTIMIZATION_LEVEL = "-Onone";
			};
			name = Debug;
		};
		EDA5EF782B7956800040DAE1 /* Release */ = {
			isa = XCBuildConfiguration;
			buildSettings = {
				ALWAYS_SEARCH_USER_PATHS = NO;
				ASSETCATALOG_COMPILER_GENERATE_SWIFT_ASSET_SYMBOL_EXTENSIONS = YES;
				CLANG_ANALYZER_NONNULL = YES;
				CLANG_ANALYZER_NUMBER_OBJECT_CONVERSION = YES_AGGRESSIVE;
				CLANG_CXX_LANGUAGE_STANDARD = "gnu++20";
				CLANG_ENABLE_MODULES = YES;
				CLANG_ENABLE_OBJC_ARC = YES;
				CLANG_ENABLE_OBJC_WEAK = YES;
				CLANG_WARN_BLOCK_CAPTURE_AUTORELEASING = YES;
				CLANG_WARN_BOOL_CONVERSION = YES;
				CLANG_WARN_COMMA = YES;
				CLANG_WARN_CONSTANT_CONVERSION = YES;
				CLANG_WARN_DEPRECATED_OBJC_IMPLEMENTATIONS = YES;
				CLANG_WARN_DIRECT_OBJC_ISA_USAGE = YES_ERROR;
				CLANG_WARN_DOCUMENTATION_COMMENTS = YES;
				CLANG_WARN_EMPTY_BODY = YES;
				CLANG_WARN_ENUM_CONVERSION = YES;
				CLANG_WARN_INFINITE_RECURSION = YES;
				CLANG_WARN_INT_CONVERSION = YES;
				CLANG_WARN_NON_LITERAL_NULL_CONVERSION = YES;
				CLANG_WARN_OBJC_IMPLICIT_RETAIN_SELF = YES;
				CLANG_WARN_OBJC_LITERAL_CONVERSION = YES;
				CLANG_WARN_OBJC_ROOT_CLASS = YES_ERROR;
				CLANG_WARN_QUOTED_INCLUDE_IN_FRAMEWORK_HEADER = YES;
				CLANG_WARN_RANGE_LOOP_ANALYSIS = YES;
				CLANG_WARN_STRICT_PROTOTYPES = YES;
				CLANG_WARN_SUSPICIOUS_MOVE = YES;
				CLANG_WARN_UNGUARDED_AVAILABILITY = YES_AGGRESSIVE;
				CLANG_WARN_UNREACHABLE_CODE = YES;
				CLANG_WARN__DUPLICATE_METHOD_MATCH = YES;
				COPY_PHASE_STRIP = NO;
				DEBUG_INFORMATION_FORMAT = "dwarf-with-dsym";
				ENABLE_NS_ASSERTIONS = NO;
				ENABLE_STRICT_OBJC_MSGSEND = YES;
				ENABLE_USER_SCRIPT_SANDBOXING = YES;
				GCC_C_LANGUAGE_STANDARD = gnu17;
				GCC_NO_COMMON_BLOCKS = YES;
				GCC_WARN_64_TO_32_BIT_CONVERSION = YES;
				GCC_WARN_ABOUT_RETURN_TYPE = YES_ERROR;
				GCC_WARN_UNDECLARED_SELECTOR = YES;
				GCC_WARN_UNINITIALIZED_AUTOS = YES_AGGRESSIVE;
				GCC_WARN_UNUSED_FUNCTION = YES;
				GCC_WARN_UNUSED_VARIABLE = YES;
				IPHONEOS_DEPLOYMENT_TARGET = 17.0;
				LOCALIZATION_PREFERS_STRING_CATALOGS = YES;
				MTL_ENABLE_DEBUG_INFO = NO;
				MTL_FAST_MATH = YES;
				SDKROOT = iphoneos;
				SWIFT_COMPILATION_MODE = wholemodule;
				VALIDATE_PRODUCT = YES;
			};
			name = Release;
		};
		EDA5EF7A2B7956800040DAE1 /* Debug */ = {
			isa = XCBuildConfiguration;
			buildSettings = {
				ASSETCATALOG_COMPILER_APPICON_NAME = AppIcon;
				ASSETCATALOG_COMPILER_GLOBAL_ACCENT_COLOR_NAME = AccentColor;
				CODE_SIGN_STYLE = Automatic;
				CURRENT_PROJECT_VERSION = 1;
				GENERATE_INFOPLIST_FILE = YES;
				INFOPLIST_FILE = Ketflix/Info.plist;
				INFOPLIST_KEY_UIApplicationSupportsIndirectInputEvents = YES;
				INFOPLIST_KEY_UILaunchStoryboardName = LaunchScreen;
				INFOPLIST_KEY_UIMainStoryboardFile = Main;
				INFOPLIST_KEY_UISupportedInterfaceOrientations_iPad = "UIInterfaceOrientationPortrait UIInterfaceOrientationPortraitUpsideDown UIInterfaceOrientationLandscapeLeft UIInterfaceOrientationLandscapeRight";
				INFOPLIST_KEY_UISupportedInterfaceOrientations_iPhone = "UIInterfaceOrientationPortrait UIInterfaceOrientationLandscapeLeft UIInterfaceOrientationLandscapeRight";
				LD_RUNPATH_SEARCH_PATHS = (
					"$(inherited)",
					"@executable_path/Frameworks",
				);
				MARKETING_VERSION = 1.0;
				PRODUCT_BUNDLE_IDENTIFIER = com.ketlly.Ketflix;
				PRODUCT_NAME = "$(TARGET_NAME)";
				SWIFT_EMIT_LOC_STRINGS = YES;
				SWIFT_VERSION = 5.0;
				TARGETED_DEVICE_FAMILY = "1,2";
			};
			name = Debug;
		};
		EDA5EF7B2B7956800040DAE1 /* Release */ = {
			isa = XCBuildConfiguration;
			buildSettings = {
				ASSETCATALOG_COMPILER_APPICON_NAME = AppIcon;
				ASSETCATALOG_COMPILER_GLOBAL_ACCENT_COLOR_NAME = AccentColor;
				CODE_SIGN_STYLE = Automatic;
				CURRENT_PROJECT_VERSION = 1;
				GENERATE_INFOPLIST_FILE = YES;
				INFOPLIST_FILE = Ketflix/Info.plist;
				INFOPLIST_KEY_UIApplicationSupportsIndirectInputEvents = YES;
				INFOPLIST_KEY_UILaunchStoryboardName = LaunchScreen;
				INFOPLIST_KEY_UIMainStoryboardFile = Main;
				INFOPLIST_KEY_UISupportedInterfaceOrientations_iPad = "UIInterfaceOrientationPortrait UIInterfaceOrientationPortraitUpsideDown UIInterfaceOrientationLandscapeLeft UIInterfaceOrientationLandscapeRight";
				INFOPLIST_KEY_UISupportedInterfaceOrientations_iPhone = "UIInterfaceOrientationPortrait UIInterfaceOrientationLandscapeLeft UIInterfaceOrientationLandscapeRight";
				LD_RUNPATH_SEARCH_PATHS = (
					"$(inherited)",
					"@executable_path/Frameworks",
				);
				MARKETING_VERSION = 1.0;
				PRODUCT_BUNDLE_IDENTIFIER = com.ketlly.Ketflix;
				PRODUCT_NAME = "$(TARGET_NAME)";
				SWIFT_EMIT_LOC_STRINGS = YES;
				SWIFT_VERSION = 5.0;
				TARGETED_DEVICE_FAMILY = "1,2";
			};
			name = Release;
		};
		EDA5EF7D2B7956800040DAE1 /* Debug */ = {
			isa = XCBuildConfiguration;
			buildSettings = {
				ALWAYS_EMBED_SWIFT_STANDARD_LIBRARIES = YES;
				BUNDLE_LOADER = "$(TEST_HOST)";
				CODE_SIGN_STYLE = Automatic;
				CURRENT_PROJECT_VERSION = 1;
				GENERATE_INFOPLIST_FILE = YES;
				IPHONEOS_DEPLOYMENT_TARGET = 17.0;
				MARKETING_VERSION = 1.0;
				PRODUCT_BUNDLE_IDENTIFIER = com.ketlly.KetflixTests;
				PRODUCT_NAME = "$(TARGET_NAME)";
				SWIFT_EMIT_LOC_STRINGS = NO;
				SWIFT_VERSION = 5.0;
				TARGETED_DEVICE_FAMILY = "1,2";
				TEST_HOST = "$(BUILT_PRODUCTS_DIR)/Ketflix.app/$(BUNDLE_EXECUTABLE_FOLDER_PATH)/Ketflix";
			};
			name = Debug;
		};
		EDA5EF7E2B7956800040DAE1 /* Release */ = {
			isa = XCBuildConfiguration;
			buildSettings = {
				ALWAYS_EMBED_SWIFT_STANDARD_LIBRARIES = YES;
				BUNDLE_LOADER = "$(TEST_HOST)";
				CODE_SIGN_STYLE = Automatic;
				CURRENT_PROJECT_VERSION = 1;
				GENERATE_INFOPLIST_FILE = YES;
				IPHONEOS_DEPLOYMENT_TARGET = 17.0;
				MARKETING_VERSION = 1.0;
				PRODUCT_BUNDLE_IDENTIFIER = com.ketlly.KetflixTests;
				PRODUCT_NAME = "$(TARGET_NAME)";
				SWIFT_EMIT_LOC_STRINGS = NO;
				SWIFT_VERSION = 5.0;
				TARGETED_DEVICE_FAMILY = "1,2";
				TEST_HOST = "$(BUILT_PRODUCTS_DIR)/Ketflix.app/$(BUNDLE_EXECUTABLE_FOLDER_PATH)/Ketflix";
			};
			name = Release;
		};
		EDA5EF802B7956800040DAE1 /* Debug */ = {
			isa = XCBuildConfiguration;
			buildSettings = {
				ALWAYS_EMBED_SWIFT_STANDARD_LIBRARIES = YES;
				CODE_SIGN_STYLE = Automatic;
				CURRENT_PROJECT_VERSION = 1;
				GENERATE_INFOPLIST_FILE = YES;
				MARKETING_VERSION = 1.0;
				PRODUCT_BUNDLE_IDENTIFIER = com.ketlly.KetflixUITests;
				PRODUCT_NAME = "$(TARGET_NAME)";
				SWIFT_EMIT_LOC_STRINGS = NO;
				SWIFT_VERSION = 5.0;
				TARGETED_DEVICE_FAMILY = "1,2";
				TEST_TARGET_NAME = Ketflix;
			};
			name = Debug;
		};
		EDA5EF812B7956800040DAE1 /* Release */ = {
			isa = XCBuildConfiguration;
			buildSettings = {
				ALWAYS_EMBED_SWIFT_STANDARD_LIBRARIES = YES;
				CODE_SIGN_STYLE = Automatic;
				CURRENT_PROJECT_VERSION = 1;
				GENERATE_INFOPLIST_FILE = YES;
				MARKETING_VERSION = 1.0;
				PRODUCT_BUNDLE_IDENTIFIER = com.ketlly.KetflixUITests;
				PRODUCT_NAME = "$(TARGET_NAME)";
				SWIFT_EMIT_LOC_STRINGS = NO;
				SWIFT_VERSION = 5.0;
				TARGETED_DEVICE_FAMILY = "1,2";
				TEST_TARGET_NAME = Ketflix;
			};
			name = Release;
		};
/* End XCBuildConfiguration section */

/* Begin XCConfigurationList section */
		EDA5EF4A2B79567F0040DAE1 /* Build configuration list for PBXProject "Ketflix" */ = {
			isa = XCConfigurationList;
			buildConfigurations = (
				EDA5EF772B7956800040DAE1 /* Debug */,
				EDA5EF782B7956800040DAE1 /* Release */,
			);
			defaultConfigurationIsVisible = 0;
			defaultConfigurationName = Release;
		};
		EDA5EF792B7956800040DAE1 /* Build configuration list for PBXNativeTarget "Ketflix" */ = {
			isa = XCConfigurationList;
			buildConfigurations = (
				EDA5EF7A2B7956800040DAE1 /* Debug */,
				EDA5EF7B2B7956800040DAE1 /* Release */,
			);
			defaultConfigurationIsVisible = 0;
			defaultConfigurationName = Release;
		};
		EDA5EF7C2B7956800040DAE1 /* Build configuration list for PBXNativeTarget "KetflixTests" */ = {
			isa = XCConfigurationList;
			buildConfigurations = (
				EDA5EF7D2B7956800040DAE1 /* Debug */,
				EDA5EF7E2B7956800040DAE1 /* Release */,
			);
			defaultConfigurationIsVisible = 0;
			defaultConfigurationName = Release;
		};
		EDA5EF7F2B7956800040DAE1 /* Build configuration list for PBXNativeTarget "KetflixUITests" */ = {
			isa = XCConfigurationList;
			buildConfigurations = (
				EDA5EF802B7956800040DAE1 /* Debug */,
				EDA5EF812B7956800040DAE1 /* Release */,
			);
			defaultConfigurationIsVisible = 0;
			defaultConfigurationName = Release;
		};
/* End XCConfigurationList section */
	};
	rootObject = EDA5EF472B79567F0040DAE1 /* Project object */;
}
